// !$*UTF8*$!
{
	archiveVersion = 1;
	classes = {
	};
	objectVersion = 50;
	objects = {

/* Begin PBXBuildFile section */
		84EFD2C12276B7FD00B19727 /* AppDelegate.swift in Sources */ = {isa = PBXBuildFile; fileRef = 84EFD2C02276B7FD00B19727 /* AppDelegate.swift */; };
		84EFD2C32276B7FD00B19727 /* ViewController.swift in Sources */ = {isa = PBXBuildFile; fileRef = 84EFD2C22276B7FD00B19727 /* ViewController.swift */; };
		84EFD2C62276B7FD00B19727 /* Main.storyboard in Resources */ = {isa = PBXBuildFile; fileRef = 84EFD2C42276B7FD00B19727 /* Main.storyboard */; };
		84EFD2C82276B7FE00B19727 /* Assets.xcassets in Resources */ = {isa = PBXBuildFile; fileRef = 84EFD2C72276B7FE00B19727 /* Assets.xcassets */; };
		84EFD2CB2276B7FE00B19727 /* LaunchScreen.storyboard in Resources */ = {isa = PBXBuildFile; fileRef = 84EFD2C92276B7FE00B19727 /* LaunchScreen.storyboard */; };
		84EFD2D32276DEA200B19727 /* TabBarController.swift in Sources */ = {isa = PBXBuildFile; fileRef = 84EFD2D22276DEA200B19727 /* TabBarController.swift */; };
/* End PBXBuildFile section */

/* Begin PBXFileReference section */
		84EFD2BD2276B7FD00B19727 /* C3. L2. View controllers data exchange.app */ = {isa = PBXFileReference; explicitFileType = wrapper.application; includeInIndex = 0; path = "C3. L2. View controllers data exchange.app"; sourceTree = BUILT_PRODUCTS_DIR; };
		84EFD2C02276B7FD00B19727 /* AppDelegate.swift */ = {isa = PBXFileReference; lastKnownFileType = sourcecode.swift; path = AppDelegate.swift; sourceTree = "<group>"; };
		84EFD2C22276B7FD00B19727 /* ViewController.swift */ = {isa = PBXFileReference; lastKnownFileType = sourcecode.swift; path = ViewController.swift; sourceTree = "<group>"; };
		84EFD2C52276B7FD00B19727 /* Base */ = {isa = PBXFileReference; lastKnownFileType = file.storyboard; name = Base; path = Base.lproj/Main.storyboard; sourceTree = "<group>"; };
		84EFD2C72276B7FE00B19727 /* Assets.xcassets */ = {isa = PBXFileReference; lastKnownFileType = folder.assetcatalog; path = Assets.xcassets; sourceTree = "<group>"; };
		84EFD2CA2276B7FE00B19727 /* Base */ = {isa = PBXFileReference; lastKnownFileType = file.storyboard; name = Base; path = Base.lproj/LaunchScreen.storyboard; sourceTree = "<group>"; };
		84EFD2CC2276B7FE00B19727 /* Info.plist */ = {isa = PBXFileReference; lastKnownFileType = text.plist.xml; path = Info.plist; sourceTree = "<group>"; };
		84EFD2D22276DEA200B19727 /* TabBarController.swift */ = {isa = PBXFileReference; lastKnownFileType = sourcecode.swift; path = TabBarController.swift; sourceTree = "<group>"; };
/* End PBXFileReference section */

/* Begin PBXFrameworksBuildPhase section */
		84EFD2BA2276B7FD00B19727 /* Frameworks */ = {
			isa = PBXFrameworksBuildPhase;
			buildActionMask = 2147483647;
			files = (
			);
			runOnlyForDeploymentPostprocessing = 0;
		};
/* End PBXFrameworksBuildPhase section */

/* Begin PBXGroup section */
		84EFD2B42276B7FD00B19727 = {
			isa = PBXGroup;
			children = (
				84EFD2BF2276B7FD00B19727 /* C3. L2. View controllers data exchange */,
				84EFD2BE2276B7FD00B19727 /* Products */,
			);
			sourceTree = "<group>";
		};
		84EFD2BE2276B7FD00B19727 /* Products */ = {
			isa = PBXGroup;
			children = (
				84EFD2BD2276B7FD00B19727 /* C3. L2. View controllers data exchange.app */,
			);
			name = Products;
			sourceTree = "<group>";
		};
		84EFD2BF2276B7FD00B19727 /* C3. L2. View controllers data exchange */ = {
			isa = PBXGroup;
			children = (
				84EFD2C02276B7FD00B19727 /* AppDelegate.swift */,
				84EFD2C22276B7FD00B19727 /* ViewController.swift */,
				84EFD2C42276B7FD00B19727 /* Main.storyboard */,
				84EFD2D22276DEA200B19727 /* TabBarController.swift */,
				84EFD2C72276B7FE00B19727 /* Assets.xcassets */,
				84EFD2C92276B7FE00B19727 /* LaunchScreen.storyboard */,
				84EFD2CC2276B7FE00B19727 /* Info.plist */,
			);
			path = "C3. L2. View controllers data exchange";
			sourceTree = "<group>";
		};
/* End PBXGroup section */

/* Begin PBXNativeTarget section */
		84EFD2BC2276B7FD00B19727 /* C3. L2. View controllers data exchange */ = {
			isa = PBXNativeTarget;
			buildConfigurationList = 84EFD2CF2276B7FE00B19727 /* Build configuration list for PBXNativeTarget "C3. L2. View controllers data exchange" */;
			buildPhases = (
				84EFD2B92276B7FD00B19727 /* Sources */,
				84EFD2BA2276B7FD00B19727 /* Frameworks */,
				84EFD2BB2276B7FD00B19727 /* Resources */,
			);
			buildRules = (
			);
			dependencies = (
			);
			name = "C3. L2. View controllers data exchange";
			productName = "C3. L2. View controllers data exchange";
			productReference = 84EFD2BD2276B7FD00B19727 /* C3. L2. View controllers data exchange.app */;
			productType = "com.apple.product-type.application";
		};
/* End PBXNativeTarget section */

/* Begin PBXProject section */
		84EFD2B52276B7FD00B19727 /* Project object */ = {
			isa = PBXProject;
			attributes = {
				LastSwiftUpdateCheck = 1020;
				LastUpgradeCheck = 1020;
				ORGANIZATIONNAME = "Vladimir Tezin";
				TargetAttributes = {
					84EFD2BC2276B7FD00B19727 = {
						CreatedOnToolsVersion = 10.2;
					};
				};
			};
			buildConfigurationList = 84EFD2B82276B7FD00B19727 /* Build configuration list for PBXProject "C3. L2. View controllers data exchange" */;
			compatibilityVersion = "Xcode 9.3";
			developmentRegion = en;
			hasScannedForEncodings = 0;
			knownRegions = (
				en,
				Base,
			);
			mainGroup = 84EFD2B42276B7FD00B19727;
			productRefGroup = 84EFD2BE2276B7FD00B19727 /* Products */;
			projectDirPath = "";
			projectRoot = "";
			targets = (
				84EFD2BC2276B7FD00B19727 /* C3. L2. View controllers data exchange */,
			);
		};
/* End PBXProject section */

/* Begin PBXResourcesBuildPhase section */
		84EFD2BB2276B7FD00B19727 /* Resources */ = {
			isa = PBXResourcesBuildPhase;
			buildActionMask = 2147483647;
			files = (
				84EFD2CB2276B7FE00B19727 /* LaunchScreen.storyboard in Resources */,
				84EFD2C82276B7FE00B19727 /* Assets.xcassets in Resources */,
				84EFD2C62276B7FD00B19727 /* Main.storyboard in Resources */,
			);
			runOnlyForDeploymentPostprocessing = 0;
		};
/* End PBXResourcesBuildPhase section */

/* Begin PBXSourcesBuildPhase section */
		84EFD2B92276B7FD00B19727 /* Sources */ = {
			isa = PBXSourcesBuildPhase;
			buildActionMask = 2147483647;
			files = (
				84EFD2D32276DEA200B19727 /* TabBarController.swift in Sources */,
				84EFD2C32276B7FD00B19727 /* ViewController.swift in Sources */,
				84EFD2C12276B7FD00B19727 /* AppDelegate.swift in Sources */,
			);
			runOnlyForDeploymentPostprocessing = 0;
		};
/* End PBXSourcesBuildPhase section */

/* Begin PBXVariantGroup section */
		84EFD2C42276B7FD00B19727 /* Main.storyboard */ = {
			isa = PBXVariantGroup;
			children = (
				84EFD2C52276B7FD00B19727 /* Base */,
			);
			name = Main.storyboard;
			sourceTree = "<group>";
		};
		84EFD2C92276B7FE00B19727 /* LaunchScreen.storyboard */ = {
			isa = PBXVariantGroup;
			children = (
				84EFD2CA2276B7FE00B19727 /* Base */,
			);
			name = LaunchScreen.storyboard;
			sourceTree = "<group>";
		};
/* End PBXVariantGroup section */

/* Begin XCBuildConfiguration section */
		84EFD2CD2276B7FE00B19727 /* Debug */ = {
			isa = XCBuildConfiguration;
			buildSettings = {
				ALWAYS_SEARCH_USER_PATHS = NO;
				CLANG_ANALYZER_NONNULL = YES;
				CLANG_ANALYZER_NUMBER_OBJECT_CONVERSION = YES_AGGRESSIVE;
				CLANG_CXX_LANGUAGE_STANDARD = "gnu++14";
				CLANG_CXX_LIBRARY = "libc++";
				CLANG_ENABLE_MODULES = YES;
				CLANG_ENABLE_OBJC_ARC = YES;
				CLANG_ENABLE_OBJC_WEAK = YES;
				CLANG_WARN_BLOCK_CAPTURE_AUTORELEASING = YES;
				CLANG_WARN_BOOL_CONVERSION = YES;
				CLANG_WARN_COMMA = YES;
				CLANG_WARN_CONSTANT_CONVERSION = YES;
				CLANG_WARN_DEPRECATED_OBJC_IMPLEMENTATIONS = YES;
				CLANG_WARN_DIRECT_OBJC_ISA_USAGE = YES_ERROR;
				CLANG_WARN_DOCUMENTATION_COMMENTS = YES;
				CLANG_WARN_EMPTY_BODY = YES;
				CLANG_WARN_ENUM_CONVERSION = YES;
				CLANG_WARN_INFINITE_RECURSION = YES;
				CLANG_WARN_INT_CONVERSION = YES;
				CLANG_WARN_NON_LITERAL_NULL_CONVERSION = YES;
				CLANG_WARN_OBJC_IMPLICIT_RETAIN_SELF = YES;
				CLANG_WARN_OBJC_LITERAL_CONVERSION = YES;
				CLANG_WARN_OBJC_ROOT_CLASS = YES_ERROR;
				CLANG_WARN_RANGE_LOOP_ANALYSIS = YES;
				CLANG_WARN_STRICT_PROTOTYPES = YES;
				CLANG_WARN_SUSPICIOUS_MOVE = YES;
				CLANG_WARN_UNGUARDED_AVAILABILITY = YES_AGGRESSIVE;
				CLANG_WARN_UNREACHABLE_CODE = YES;
				CLANG_WARN__DUPLICATE_METHOD_MATCH = YES;
				CODE_SIGN_IDENTITY = "iPhone Developer";
				COPY_PHASE_STRIP = NO;
				DEBUG_INFORMATION_FORMAT = dwarf;
				ENABLE_STRICT_OBJC_MSGSEND = YES;
				ENABLE_TESTABILITY = YES;
				GCC_C_LANGUAGE_STANDARD = gnu11;
				GCC_DYNAMIC_NO_PIC = NO;
				GCC_NO_COMMON_BLOCKS = YES;
				GCC_OPTIMIZATION_LEVEL = 0;
				GCC_PREPROCESSOR_DEFINITIONS = (
					"DEBUG=1",
					"$(inherited)",
				);
				GCC_WARN_64_TO_32_BIT_CONVERSION = YES;
				GCC_WARN_ABOUT_RETURN_TYPE = YES_ERROR;
				GCC_WARN_UNDECLARED_SELECTOR = YES;
				GCC_WARN_UNINITIALIZED_AUTOS = YES_AGGRESSIVE;
				GCC_WARN_UNUSED_FUNCTION = YES;
				GCC_WARN_UNUSED_VARIABLE = YES;
				IPHONEOS_DEPLOYMENT_TARGET = 12.2;
				MTL_ENABLE_DEBUG_INFO = INCLUDE_SOURCE;
				MTL_FAST_MATH = YES;
				ONLY_ACTIVE_ARCH = YES;
				SDKROOT = iphoneos;
				SWIFT_ACTIVE_COMPILATION_CONDITIONS = DEBUG;
				SWIFT_OPTIMIZATION_LEVEL = "-Onone";
			};
			name = Debug;
		};
		84EFD2CE2276B7FE00B19727 /* Release */ = {
			isa = XCBuildConfiguration;
			buildSettings = {
				ALWAYS_SEARCH_USER_PATHS = NO;
				CLANG_ANALYZER_NONNULL = YES;
				CLANG_ANALYZER_NUMBER_OBJECT_CONVERSION = YES_AGGRESSIVE;
				CLANG_CXX_LANGUAGE_STANDARD = "gnu++14";
				CLANG_CXX_LIBRARY = "libc++";
				CLANG_ENABLE_MODULES = YES;
				CLANG_ENABLE_OBJC_ARC = YES;
				CLANG_ENABLE_OBJC_WEAK = YES;
				CLANG_WARN_BLOCK_CAPTURE_AUTORELEASING = YES;
				CLANG_WARN_BOOL_CONVERSION = YES;
				CLANG_WARN_COMMA = YES;
				CLANG_WARN_CONSTANT_CONVERSION = YES;
				CLANG_WARN_DEPRECATED_OBJC_IMPLEMENTATIONS = YES;
				CLANG_WARN_DIRECT_OBJC_ISA_USAGE = YES_ERROR;
				CLANG_WARN_DOCUMENTATION_COMMENTS = YES;
				CLANG_WARN_EMPTY_BODY = YES;
				CLANG_WARN_ENUM_CONVERSION = YES;
				CLANG_WARN_INFINITE_RECURSION = YES;
				CLANG_WARN_INT_CONVERSION = YES;
				CLANG_WARN_NON_LITERAL_NULL_CONVERSION = YES;
				CLANG_WARN_OBJC_IMPLICIT_RETAIN_SELF = YES;
				CLANG_WARN_OBJC_LITERAL_CONVERSION = YES;
				CLANG_WARN_OBJC_ROOT_CLASS = YES_ERROR;
				CLANG_WARN_RANGE_LOOP_ANALYSIS = YES;
				CLANG_WARN_STRICT_PROTOTYPES = YES;
				CLANG_WARN_SUSPICIOUS_MOVE = YES;
				CLANG_WARN_UNGUARDED_AVAILABILITY = YES_AGGRESSIVE;
				CLANG_WARN_UNREACHABLE_CODE = YES;
				CLANG_WARN__DUPLICATE_METHOD_MATCH = YES;
				CODE_SIGN_IDENTITY = "iPhone Developer";
				COPY_PHASE_STRIP = NO;
				DEBUG_INFORMATION_FORMAT = "dwarf-with-dsym";
				ENABLE_NS_ASSERTIONS = NO;
				ENABLE_STRICT_OBJC_MSGSEND = YES;
				GCC_C_LANGUAGE_STANDARD = gnu11;
				GCC_NO_COMMON_BLOCKS = YES;
				GCC_WARN_64_TO_32_BIT_CONVERSION = YES;
				GCC_WARN_ABOUT_RETURN_TYPE = YES_ERROR;
				GCC_WARN_UNDECLARED_SELECTOR = YES;
				GCC_WARN_UNINITIALIZED_AUTOS = YES_AGGRESSIVE;
				GCC_WARN_UNUSED_FUNCTION = YES;
				GCC_WARN_UNUSED_VARIABLE = YES;
				IPHONEOS_DEPLOYMENT_TARGET = 12.2;
				MTL_ENABLE_DEBUG_INFO = NO;
				MTL_FAST_MATH = YES;
				SDKROOT = iphoneos;
				SWIFT_COMPILATION_MODE = wholemodule;
				SWIFT_OPTIMIZATION_LEVEL = "-O";
				VALIDATE_PRODUCT = YES;
			};
			name = Release;
		};
		84EFD2D02276B7FE00B19727 /* Debug */ = {
			isa = XCBuildConfiguration;
			buildSettings = {
				ASSETCATALOG_COMPILER_APPICON_NAME = AppIcon;
				CODE_SIGN_STYLE = Automatic;
				INFOPLIST_FILE = "C3. L2. View controllers data exchange/Info.plist";
				LD_RUNPATH_SEARCH_PATHS = (
					"$(inherited)",
					"@executable_path/Frameworks",
				);
				PRODUCT_BUNDLE_IDENTIFIER = "ru.flat112.C3--L2--View-controllers-data-exchange";
				PRODUCT_NAME = "$(TARGET_NAME)";
				SWIFT_VERSION = 5.0;
				TARGETED_DEVICE_FAMILY = "1,2";
			};
			name = Debug;
		};
		84EFD2D12276B7FE00B19727 /* Release */ = {
			isa = XCBuildConfiguration;
			buildSettings = {
				ASSETCATALOG_COMPILER_APPICON_NAME = AppIcon;
				CODE_SIGN_STYLE = Automatic;
				INFOPLIST_FILE = "C3. L2. View controllers data exchange/Info.plist";
				LD_RUNPATH_SEARCH_PATHS = (
					"$(inherited)",
					"@executable_path/Frameworks",
				);
				PRODUCT_BUNDLE_IDENTIFIER = "ru.flat112.C3--L2--View-controllers-data-exchange";
				PRODUCT_NAME = "$(TARGET_NAME)";
				SWIFT_VERSION = 5.0;
				TARGETED_DEVICE_FAMILY = "1,2";
			};
			name = Release;
		};
/* End XCBuildConfiguration section */

/* Begin XCConfigurationList section */
		84EFD2B82276B7FD00B19727 /* Build configuration list for PBXProject "C3. L2. View controllers data exchange" */ = {
			isa = XCConfigurationList;
			buildConfigurations = (
				84EFD2CD2276B7FE00B19727 /* Debug */,
				84EFD2CE2276B7FE00B19727 /* Release */,
			);
			defaultConfigurationIsVisible = 0;
			defaultConfigurationName = Release;
		};
		84EFD2CF2276B7FE00B19727 /* Build configuration list for PBXNativeTarget "C3. L2. View controllers data exchange" */ = {
			isa = XCConfigurationList;
			buildConfigurations = (
				84EFD2D02276B7FE00B19727 /* Debug */,
				84EFD2D12276B7FE00B19727 /* Release */,
			);
			defaultConfigurationIsVisible = 0;
			defaultConfigurationName = Release;
		};
/* End XCConfigurationList section */
	};
	rootObject = 84EFD2B52276B7FD00B19727 /* Project object */;
}
